{
  "requires": true,
  "lockfileVersion": 1,
  "dependencies": {
    "vuetify": {
      "version": "3.7.13",
      "resolved": "https://registry.npmjs.org/vuetify/-/vuetify-3.7.13.tgz",
      "integrity": "sha512-4+RuQU+zLtXhlN2eZUpKXums9ftzUzhMeiNEJvvJY4XdOzVwUCth2dTnEZkSF6EKdLHk3WhtRk0cIWXZxpBvcw=="
    }
  }
}
